{
  "originHash" : "7bdf44a91828255ccc4de577192da536ebb54beea60335590482057e244a43f5",
  "pins" : [
    {
      "identity" : "adaptysdk-ios",
      "kind" : "remoteSourceControl",
      "location" : "https://github.com/adaptyteam/AdaptySDK-iOS",
      "state" : {
        "revision" : "ddd77e88f5f7a727ad0507276ea3b3015d462960",
        "version" : "3.8.2"
      }
    }
  ],
  "version" : 3
}
